<Solution>
  <Configurations>
    <Platform Name="Any CPU" />
    <Platform Name="x64" />
    <Platform Name="x86" />
  </Configurations>
  <Project Path="MVC_InventoryMasters/MVC_InventoryMasters.csproj" Id="ae7ee015-e49d-4b59-840d-563260b4bb1a" />
  <Project Path="TCC_Inventory_Masters_Kinect/TCC_Inventory_Masters_Kinect.csproj" Id="7d139cc2-2370-45cd-8400-8d963529d54b">
    <Platform Solution="*|x64" Project="x64" />
    <Platform Solution="Debug|Any CPU" Project="x64" />
    <Platform Solution="Debug|x86" Project="x64" />
    <Platform Solution="Release|x86" Project="x86" />
  </Project>
</Solution>
